
Microsoft Visual Studio Solution File, Format Version 12.00
# Visual Studio 2012
Project("{FAE04EC0-301F-11D3-BF4B-00C04F79EFBC}") = "ABChess", "Chess\ABChess.csproj", "{F81B554F-4B07-4238-A8C3-63AC571B2718}"
EndProject
Project("{FAE04EC0-301F-11D3-BF4B-00C04F79EFBC}") = "ABChessEngine", "ABChessEngine\ABChessEngine.csproj", "{F1964689-E782-464C-BF32-CDAED7DE9641}"
EndProject
Project("{FAE04EC0-301F-11D3-BF4B-00C04F79EFBC}") = "RichardRandom", "..\ChessAI\RichardRandom\RichardRandom.csproj", "{D1BE9372-6474-4A76-A900-C2031A0001E5}"
EndProject
Global
	GlobalSection(SolutionConfigurationPlatforms) = preSolution
		Debug|Any CPU = Debug|Any CPU
		Release|Any CPU = Release|Any CPU
	EndGlobalSection
	GlobalSection(ProjectConfigurationPlatforms) = postSolution
		{F81B554F-4B07-4238-A8C3-63AC571B2718}.Debug|Any CPU.ActiveCfg = Debug|Any CPU
		{F81B554F-4B07-4238-A8C3-63AC571B2718}.Debug|Any CPU.Build.0 = Debug|Any CPU
		{F81B554F-4B07-4238-A8C3-63AC571B2718}.Release|Any CPU.ActiveCfg = Release|Any CPU
		{F81B554F-4B07-4238-A8C3-63AC571B2718}.Release|Any CPU.Build.0 = Release|Any CPU
		{F1964689-E782-464C-BF32-CDAED7DE9641}.Debug|Any CPU.ActiveCfg = Debug|Any CPU
		{F1964689-E782-464C-BF32-CDAED7DE9641}.Debug|Any CPU.Build.0 = Debug|Any CPU
		{F1964689-E782-464C-BF32-CDAED7DE9641}.Release|Any CPU.ActiveCfg = Release|Any CPU
		{F1964689-E782-464C-BF32-CDAED7DE9641}.Release|Any CPU.Build.0 = Release|Any CPU
		{D1BE9372-6474-4A76-A900-C2031A0001E5}.Debug|Any CPU.ActiveCfg = Debug|Any CPU
		{D1BE9372-6474-4A76-A900-C2031A0001E5}.Debug|Any CPU.Build.0 = Debug|Any CPU
		{D1BE9372-6474-4A76-A900-C2031A0001E5}.Release|Any CPU.ActiveCfg = Release|Any CPU
		{D1BE9372-6474-4A76-A900-C2031A0001E5}.Release|Any CPU.Build.0 = Release|Any CPU
	EndGlobalSection
	GlobalSection(SolutionProperties) = preSolution
		HideSolutionNode = FALSE
	EndGlobalSection
EndGlobal
